
Microsoft Visual Studio Solution File, Format Version 12.00
# Visual Studio Version 17
VisualStudioVersion = 17.11.35312.102
MinimumVisualStudioVersion = 10.0.40219.1
Project("{FAE04EC0-301F-11D3-BF4B-00C04F79EFBC}") = "AutoSalonProject2024", "AutoSalonProject2024\AutoSalonProject2024.csproj", "{37085A5A-B4D7-4FAF-B180-E9AFDED2E61A}"
EndProject
Global
	GlobalSection(SolutionConfigurationPlatforms) = preSolution
		Debug|Any CPU = Debug|Any CPU
		Release|Any CPU = Release|Any CPU
	EndGlobalSection
	GlobalSection(ProjectConfigurationPlatforms) = postSolution
		{37085A5A-B4D7-4FAF-B180-E9AFDED2E61A}.Debug|Any CPU.ActiveCfg = Debug|Any CPU
		{37085A5A-B4D7-4FAF-B180-E9AFDED2E61A}.Debug|Any CPU.Build.0 = Debug|Any CPU
		{37085A5A-B4D7-4FAF-B180-E9AFDED2E61A}.Release|Any CPU.ActiveCfg = Release|Any CPU
		{37085A5A-B4D7-4FAF-B180-E9AFDED2E61A}.Release|Any CPU.Build.0 = Release|Any CPU
	EndGlobalSection
	GlobalSection(SolutionProperties) = preSolution
		HideSolutionNode = FALSE
	EndGlobalSection
	GlobalSection(ExtensibilityGlobals) = postSolution
		SolutionGuid = {455A3E22-7986-4C16-BEE8-720A8789E78F}
	EndGlobalSection
EndGlobal
